
Microsoft Visual Studio Solution File, Format Version 12.00
# Visual Studio Version 17
VisualStudioVersion = 17.1.32414.318
MinimumVisualStudioVersion = 10.0.40219.1
Project("{FAE04EC0-301F-11D3-BF4B-00C04F79EFBC}") = "PayrollManagementSystem", "PayrollManagementSystem\PayrollManagementSystem.csproj", "{8AB9716D-A1B5-45FD-BB46-37EE6E053268}"
EndProject
Project("{FAE04EC0-301F-11D3-BF4B-00C04F79EFBC}") = "PayrollSystemLibrary", "PayrollSystemLibrary\PayrollSystemLibrary.csproj", "{C05F323C-1898-4B0A-BD2B-3A7A08C92B24}"
EndProject
Global
	GlobalSection(SolutionConfigurationPlatforms) = preSolution
		Debug|Any CPU = Debug|Any CPU
		Release|Any CPU = Release|Any CPU
	EndGlobalSection
	GlobalSection(ProjectConfigurationPlatforms) = postSolution
		{8AB9716D-A1B5-45FD-BB46-37EE6E053268}.Debug|Any CPU.ActiveCfg = Debug|Any CPU
		{8AB9716D-A1B5-45FD-BB46-37EE6E053268}.Debug|Any CPU.Build.0 = Debug|Any CPU
		{8AB9716D-A1B5-45FD-BB46-37EE6E053268}.Release|Any CPU.ActiveCfg = Release|Any CPU
		{8AB9716D-A1B5-45FD-BB46-37EE6E053268}.Release|Any CPU.Build.0 = Release|Any CPU
		{C05F323C-1898-4B0A-BD2B-3A7A08C92B24}.Debug|Any CPU.ActiveCfg = Debug|Any CPU
		{C05F323C-1898-4B0A-BD2B-3A7A08C92B24}.Debug|Any CPU.Build.0 = Debug|Any CPU
		{C05F323C-1898-4B0A-BD2B-3A7A08C92B24}.Release|Any CPU.ActiveCfg = Release|Any CPU
		{C05F323C-1898-4B0A-BD2B-3A7A08C92B24}.Release|Any CPU.Build.0 = Release|Any CPU
	EndGlobalSection
	GlobalSection(SolutionProperties) = preSolution
		HideSolutionNode = FALSE
	EndGlobalSection
	GlobalSection(ExtensibilityGlobals) = postSolution
		SolutionGuid = {ACEC1FE5-5AD1-421A-A634-5A68C7017976}
	EndGlobalSection
EndGlobal
